
Microsoft Visual Studio Solution File, Format Version 12.00
# Visual Studio 14
VisualStudioVersion = 14.0.25420.1
MinimumVisualStudioVersion = 10.0.40219.1
Project("{FAE04EC0-301F-11D3-BF4B-00C04F79EFBC}") = "AdApp.Android", "AdApp\AdApp.Android\AdApp.Android.csproj", "{6C4CACBB-0E82-480E-B120-B3C003CA8196}"
EndProject
Project("{FAE04EC0-301F-11D3-BF4B-00C04F79EFBC}") = "AdApp", "AdApp\AdApp\AdApp.csproj", "{F15F9F84-79BC-48EE-A001-157B5A32C341}"
EndProject
Project("{FAE04EC0-301F-11D3-BF4B-00C04F79EFBC}") = "AdApp.UWP", "AdApp\AdApp.UWP\AdApp.UWP.csproj", "{192BF09C-6F56-4BA8-9199-367C69B5F681}"
EndProject
Project("{FAE04EC0-301F-11D3-BF4B-00C04F79EFBC}") = "AdApp.iOS", "AdApp\AdApp.iOS\AdApp.iOS.csproj", "{86D11010-5B14-4660-83E1-18A24006C20E}"
EndProject
Global
	GlobalSection(SolutionConfigurationPlatforms) = preSolution
		Ad-Hoc|Any CPU = Ad-Hoc|Any CPU
		Ad-Hoc|ARM = Ad-Hoc|ARM
		Ad-Hoc|iPhone = Ad-Hoc|iPhone
		Ad-Hoc|iPhoneSimulator = Ad-Hoc|iPhoneSimulator
		Ad-Hoc|x64 = Ad-Hoc|x64
		Ad-Hoc|x86 = Ad-Hoc|x86
		AppStore|Any CPU = AppStore|Any CPU
		AppStore|ARM = AppStore|ARM
		AppStore|iPhone = AppStore|iPhone
		AppStore|iPhoneSimulator = AppStore|iPhoneSimulator
		AppStore|x64 = AppStore|x64
		AppStore|x86 = AppStore|x86
		Debug|Any CPU = Debug|Any CPU
		Debug|ARM = Debug|ARM
		Debug|iPhone = Debug|iPhone
		Debug|iPhoneSimulator = Debug|iPhoneSimulator
		Debug|x64 = Debug|x64
		Debug|x86 = Debug|x86
		Release|Any CPU = Release|Any CPU
		Release|ARM = Release|ARM
		Release|iPhone = Release|iPhone
		Release|iPhoneSimulator = Release|iPhoneSimulator
		Release|x64 = Release|x64
		Release|x86 = Release|x86
	EndGlobalSection
	GlobalSection(ProjectConfigurationPlatforms) = postSolution
		{6C4CACBB-0E82-480E-B120-B3C003CA8196}.Ad-Hoc|Any CPU.ActiveCfg = Release|Any CPU
		{6C4CACBB-0E82-480E-B120-B3C003CA8196}.Ad-Hoc|Any CPU.Build.0 = Release|Any CPU
		{6C4CACBB-0E82-480E-B120-B3C003CA8196}.Ad-Hoc|Any CPU.Deploy.0 = Release|Any CPU
		{6C4CACBB-0E82-480E-B120-B3C003CA8196}.Ad-Hoc|ARM.ActiveCfg = Release|Any CPU
		{6C4CACBB-0E82-480E-B120-B3C003CA8196}.Ad-Hoc|ARM.Build.0 = Release|Any CPU
		{6C4CACBB-0E82-480E-B120-B3C003CA8196}.Ad-Hoc|ARM.Deploy.0 = Release|Any CPU
		{6C4CACBB-0E82-480E-B120-B3C003CA8196}.Ad-Hoc|iPhone.ActiveCfg = Release|Any CPU
		{6C4CACBB-0E82-480E-B120-B3C003CA8196}.Ad-Hoc|iPhone.Build.0 = Release|Any CPU
		{6C4CACBB-0E82-480E-B120-B3C003CA8196}.Ad-Hoc|iPhone.Deploy.0 = Release|Any CPU
		{6C4CACBB-0E82-480E-B120-B3C003CA8196}.Ad-Hoc|iPhoneSimulator.ActiveCfg = Release|Any CPU
		{6C4CACBB-0E82-480E-B120-B3C003CA8196}.Ad-Hoc|iPhoneSimulator.Build.0 = Release|Any CPU
		{6C4CACBB-0E82-480E-B120-B3C003CA8196}.Ad-Hoc|iPhoneSimulator.Deploy.0 = Release|Any CPU
		{6C4CACBB-0E82-480E-B120-B3C003CA8196}.Ad-Hoc|x64.ActiveCfg = Release|Any CPU
		{6C4CACBB-0E82-480E-B120-B3C003CA8196}.Ad-Hoc|x64.Build.0 = Release|Any CPU
		{6C4CACBB-0E82-480E-B120-B3C003CA8196}.Ad-Hoc|x64.Deploy.0 = Release|Any CPU
		{6C4CACBB-0E82-480E-B120-B3C003CA8196}.Ad-Hoc|x86.ActiveCfg = Release|Any CPU
		{6C4CACBB-0E82-480E-B120-B3C003CA8196}.Ad-Hoc|x86.Build.0 = Release|Any CPU
		{6C4CACBB-0E82-480E-B120-B3C003CA8196}.Ad-Hoc|x86.Deploy.0 = Release|Any CPU
		{6C4CACBB-0E82-480E-B120-B3C003CA8196}.AppStore|Any CPU.ActiveCfg = Release|Any CPU
		{6C4CACBB-0E82-480E-B120-B3C003CA8196}.AppStore|Any CPU.Build.0 = Release|Any CPU
		{6C4CACBB-0E82-480E-B120-B3C003CA8196}.AppStore|Any CPU.Deploy.0 = Release|Any CPU
		{6C4CACBB-0E82-480E-B120-B3C003CA8196}.AppStore|ARM.ActiveCfg = Release|Any CPU
		{6C4CACBB-0E82-480E-B120-B3C003CA8196}.AppStore|ARM.Build.0 = Release|Any CPU
		{6C4CACBB-0E82-480E-B120-B3C003CA8196}.AppStore|ARM.Deploy.0 = Release|Any CPU
		{6C4CACBB-0E82-480E-B120-B3C003CA8196}.AppStore|iPhone.ActiveCfg = Release|Any CPU
		{6C4CACBB-0E82-480E-B120-B3C003CA8196}.AppStore|iPhone.Build.0 = Release|Any CPU
		{6C4CACBB-0E82-480E-B120-B3C003CA8196}.AppStore|iPhone.Deploy.0 = Release|Any CPU
		{6C4CACBB-0E82-480E-B120-B3C003CA8196}.AppStore|iPhoneSimulator.ActiveCfg = Release|Any CPU
		{6C4CACBB-0E82-480E-B120-B3C003CA8196}.AppStore|iPhoneSimulator.Build.0 = Release|Any CPU
		{6C4CACBB-0E82-480E-B120-B3C003CA8196}.AppStore|iPhoneSimulator.Deploy.0 = Release|Any CPU
		{6C4CACBB-0E82-480E-B120-B3C003CA8196}.AppStore|x64.ActiveCfg = Release|Any CPU
		{6C4CACBB-0E82-480E-B120-B3C003CA8196}.AppStore|x64.Build.0 = Release|Any CPU
		{6C4CACBB-0E82-480E-B120-B3C003CA8196}.AppStore|x64.Deploy.0 = Release|Any CPU
		{6C4CACBB-0E82-480E-B120-B3C003CA8196}.AppStore|x86.ActiveCfg = Release|Any CPU
		{6C4CACBB-0E82-480E-B120-B3C003CA8196}.AppStore|x86.Build.0 = Release|Any CPU
		{6C4CACBB-0E82-480E-B120-B3C003CA8196}.AppStore|x86.Deploy.0 = Release|Any CPU
		{6C4CACBB-0E82-480E-B120-B3C003CA8196}.Debug|Any CPU.ActiveCfg = Debug|Any CPU
		{6C4CACBB-0E82-480E-B120-B3C003CA8196}.Debug|Any CPU.Build.0 = Debug|Any CPU
		{6C4CACBB-0E82-480E-B120-B3C003CA8196}.Debug|Any CPU.Deploy.0 = Debug|Any CPU
		{6C4CACBB-0E82-480E-B120-B3C003CA8196}.Debug|ARM.ActiveCfg = Debug|Any CPU
		{6C4CACBB-0E82-480E-B120-B3C003CA8196}.Debug|ARM.Build.0 = Debug|Any CPU
		{6C4CACBB-0E82-480E-B120-B3C003CA8196}.Debug|ARM.Deploy.0 = Debug|Any CPU
		{6C4CACBB-0E82-480E-B120-B3C003CA8196}.Debug|iPhone.ActiveCfg = Debug|Any CPU
		{6C4CACBB-0E82-480E-B120-B3C003CA8196}.Debug|iPhone.Build.0 = Debug|Any CPU
		{6C4CACBB-0E82-480E-B120-B3C003CA8196}.Debug|iPhone.Deploy.0 = Debug|Any CPU
		{6C4CACBB-0E82-480E-B120-B3C003CA8196}.Debug|iPhoneSimulator.ActiveCfg = Debug|Any CPU
		{6C4CACBB-0E82-480E-B120-B3C003CA8196}.Debug|iPhoneSimulator.Build.0 = Debug|Any CPU
		{6C4CACBB-0E82-480E-B120-B3C003CA8196}.Debug|iPhoneSimulator.Deploy.0 = Debug|Any CPU
		{6C4CACBB-0E82-480E-B120-B3C003CA8196}.Debug|x64.ActiveCfg = Debug|Any CPU
		{6C4CACBB-0E82-480E-B120-B3C003CA8196}.Debug|x64.Build.0 = Debug|Any CPU
		{6C4CACBB-0E82-480E-B120-B3C003CA8196}.Debug|x64.Deploy.0 = Debug|Any CPU
		{6C4CACBB-0E82-480E-B120-B3C003CA8196}.Debug|x86.ActiveCfg = Debug|Any CPU
		{6C4CACBB-0E82-480E-B120-B3C003CA8196}.Debug|x86.Build.0 = Debug|Any CPU
		{6C4CACBB-0E82-480E-B120-B3C003CA8196}.Debug|x86.Deploy.0 = Debug|Any CPU
		{6C4CACBB-0E82-480E-B120-B3C003CA8196}.Release|Any CPU.ActiveCfg = Release|Any CPU
		{6C4CACBB-0E82-480E-B120-B3C003CA8196}.Release|Any CPU.Build.0 = Release|Any CPU
		{6C4CACBB-0E82-480E-B120-B3C003CA8196}.Release|Any CPU.Deploy.0 = Release|Any CPU
		{6C4CACBB-0E82-480E-B120-B3C003CA8196}.Release|ARM.ActiveCfg = Release|Any CPU
		{6C4CACBB-0E82-480E-B120-B3C003CA8196}.Release|ARM.Build.0 = Release|Any CPU
		{6C4CACBB-0E82-480E-B120-B3C003CA8196}.Release|ARM.Deploy.0 = Release|Any CPU
		{6C4CACBB-0E82-480E-B120-B3C003CA8196}.Release|iPhone.ActiveCfg = Release|Any CPU
		{6C4CACBB-0E82-480E-B120-B3C003CA8196}.Release|iPhone.Build.0 = Release|Any CPU
		{6C4CACBB-0E82-480E-B120-B3C003CA8196}.Release|iPhone.Deploy.0 = Release|Any CPU
		{6C4CACBB-0E82-480E-B120-B3C003CA8196}.Release|iPhoneSimulator.ActiveCfg = Release|Any CPU
		{6C4CACBB-0E82-480E-B120-B3C003CA8196}.Release|iPhoneSimulator.Build.0 = Release|Any CPU
		{6C4CACBB-0E82-480E-B120-B3C003CA8196}.Release|iPhoneSimulator.Deploy.0 = Release|Any CPU
		{6C4CACBB-0E82-480E-B120-B3C003CA8196}.Release|x64.ActiveCfg = Release|Any CPU
		{6C4CACBB-0E82-480E-B120-B3C003CA8196}.Release|x64.Build.0 = Release|Any CPU
		{6C4CACBB-0E82-480E-B120-B3C003CA8196}.Release|x64.Deploy.0 = Release|Any CPU
		{6C4CACBB-0E82-480E-B120-B3C003CA8196}.Release|x86.ActiveCfg = Release|Any CPU
		{6C4CACBB-0E82-480E-B120-B3C003CA8196}.Release|x86.Build.0 = Release|Any CPU
		{6C4CACBB-0E82-480E-B120-B3C003CA8196}.Release|x86.Deploy.0 = Release|Any CPU
		{F15F9F84-79BC-48EE-A001-157B5A32C341}.Ad-Hoc|Any CPU.ActiveCfg = Release|Any CPU
		{F15F9F84-79BC-48EE-A001-157B5A32C341}.Ad-Hoc|Any CPU.Build.0 = Release|Any CPU
		{F15F9F84-79BC-48EE-A001-157B5A32C341}.Ad-Hoc|ARM.ActiveCfg = Release|Any CPU
		{F15F9F84-79BC-48EE-A001-157B5A32C341}.Ad-Hoc|ARM.Build.0 = Release|Any CPU
		{F15F9F84-79BC-48EE-A001-157B5A32C341}.Ad-Hoc|iPhone.ActiveCfg = Release|Any CPU
		{F15F9F84-79BC-48EE-A001-157B5A32C341}.Ad-Hoc|iPhone.Build.0 = Release|Any CPU
		{F15F9F84-79BC-48EE-A001-157B5A32C341}.Ad-Hoc|iPhoneSimulator.ActiveCfg = Release|Any CPU
		{F15F9F84-79BC-48EE-A001-157B5A32C341}.Ad-Hoc|iPhoneSimulator.Build.0 = Release|Any CPU
		{F15F9F84-79BC-48EE-A001-157B5A32C341}.Ad-Hoc|x64.ActiveCfg = Release|Any CPU
		{F15F9F84-79BC-48EE-A001-157B5A32C341}.Ad-Hoc|x64.Build.0 = Release|Any CPU
		{F15F9F84-79BC-48EE-A001-157B5A32C341}.Ad-Hoc|x86.ActiveCfg = Release|Any CPU
		{F15F9F84-79BC-48EE-A001-157B5A32C341}.Ad-Hoc|x86.Build.0 = Release|Any CPU
		{F15F9F84-79BC-48EE-A001-157B5A32C341}.AppStore|Any CPU.ActiveCfg = Release|Any CPU
		{F15F9F84-79BC-48EE-A001-157B5A32C341}.AppStore|Any CPU.Build.0 = Release|Any CPU
		{F15F9F84-79BC-48EE-A001-157B5A32C341}.AppStore|ARM.ActiveCfg = Release|Any CPU
		{F15F9F84-79BC-48EE-A001-157B5A32C341}.AppStore|ARM.Build.0 = Release|Any CPU
		{F15F9F84-79BC-48EE-A001-157B5A32C341}.AppStore|iPhone.ActiveCfg = Release|Any CPU
		{F15F9F84-79BC-48EE-A001-157B5A32C341}.AppStore|iPhone.Build.0 = Release|Any CPU
		{F15F9F84-79BC-48EE-A001-157B5A32C341}.AppStore|iPhoneSimulator.ActiveCfg = Release|Any CPU
		{F15F9F84-79BC-48EE-A001-157B5A32C341}.AppStore|iPhoneSimulator.Build.0 = Release|Any CPU
		{F15F9F84-79BC-48EE-A001-157B5A32C341}.AppStore|x64.ActiveCfg = Release|Any CPU
		{F15F9F84-79BC-48EE-A001-157B5A32C341}.AppStore|x64.Build.0 = Release|Any CPU
		{F15F9F84-79BC-48EE-A001-157B5A32C341}.AppStore|x86.ActiveCfg = Release|Any CPU
		{F15F9F84-79BC-48EE-A001-157B5A32C341}.AppStore|x86.Build.0 = Release|Any CPU
		{F15F9F84-79BC-48EE-A001-157B5A32C341}.Debug|Any CPU.ActiveCfg = Debug|Any CPU
		{F15F9F84-79BC-48EE-A001-157B5A32C341}.Debug|Any CPU.Build.0 = Debug|Any CPU
		{F15F9F84-79BC-48EE-A001-157B5A32C341}.Debug|ARM.ActiveCfg = Debug|Any CPU
		{F15F9F84-79BC-48EE-A001-157B5A32C341}.Debug|ARM.Build.0 = Debug|Any CPU
		{F15F9F84-79BC-48EE-A001-157B5A32C341}.Debug|iPhone.ActiveCfg = Debug|Any CPU
		{F15F9F84-79BC-48EE-A001-157B5A32C341}.Debug|iPhone.Build.0 = Debug|Any CPU
		{F15F9F84-79BC-48EE-A001-157B5A32C341}.Debug|iPhoneSimulator.ActiveCfg = Debug|Any CPU
		{F15F9F84-79BC-48EE-A001-157B5A32C341}.Debug|iPhoneSimulator.Build.0 = Debug|Any CPU
		{F15F9F84-79BC-48EE-A001-157B5A32C341}.Debug|x64.ActiveCfg = Debug|Any CPU
		{F15F9F84-79BC-48EE-A001-157B5A32C341}.Debug|x64.Build.0 = Debug|Any CPU
		{F15F9F84-79BC-48EE-A001-157B5A32C341}.Debug|x86.ActiveCfg = Debug|Any CPU
		{F15F9F84-79BC-48EE-A001-157B5A32C341}.Debug|x86.Build.0 = Debug|Any CPU
		{F15F9F84-79BC-48EE-A001-157B5A32C341}.Release|Any CPU.ActiveCfg = Release|Any CPU
		{F15F9F84-79BC-48EE-A001-157B5A32C341}.Release|Any CPU.Build.0 = Release|Any CPU
		{F15F9F84-79BC-48EE-A001-157B5A32C341}.Release|ARM.ActiveCfg = Release|Any CPU
		{F15F9F84-79BC-48EE-A001-157B5A32C341}.Release|ARM.Build.0 = Release|Any CPU
		{F15F9F84-79BC-48EE-A001-157B5A32C341}.Release|iPhone.ActiveCfg = Release|Any CPU
		{F15F9F84-79BC-48EE-A001-157B5A32C341}.Release|iPhone.Build.0 = Release|Any CPU
		{F15F9F84-79BC-48EE-A001-157B5A32C341}.Release|iPhoneSimulator.ActiveCfg = Release|Any CPU
		{F15F9F84-79BC-48EE-A001-157B5A32C341}.Release|iPhoneSimulator.Build.0 = Release|Any CPU
		{F15F9F84-79BC-48EE-A001-157B5A32C341}.Release|x64.ActiveCfg = Release|Any CPU
		{F15F9F84-79BC-48EE-A001-157B5A32C341}.Release|x64.Build.0 = Release|Any CPU
		{F15F9F84-79BC-48EE-A001-157B5A32C341}.Release|x86.ActiveCfg = Release|Any CPU
		{F15F9F84-79BC-48EE-A001-157B5A32C341}.Release|x86.Build.0 = Release|Any CPU
		{192BF09C-6F56-4BA8-9199-367C69B5F681}.Ad-Hoc|Any CPU.ActiveCfg = Release|x86
		{192BF09C-6F56-4BA8-9199-367C69B5F681}.Ad-Hoc|Any CPU.Build.0 = Release|x86
		{192BF09C-6F56-4BA8-9199-367C69B5F681}.Ad-Hoc|Any CPU.Deploy.0 = Release|x86
		{192BF09C-6F56-4BA8-9199-367C69B5F681}.Ad-Hoc|ARM.ActiveCfg = Release|ARM
		{192BF09C-6F56-4BA8-9199-367C69B5F681}.Ad-Hoc|ARM.Build.0 = Release|ARM
		{192BF09C-6F56-4BA8-9199-367C69B5F681}.Ad-Hoc|ARM.Deploy.0 = Release|ARM
		{192BF09C-6F56-4BA8-9199-367C69B5F681}.Ad-Hoc|iPhone.ActiveCfg = Release|x86
		{192BF09C-6F56-4BA8-9199-367C69B5F681}.Ad-Hoc|iPhone.Build.0 = Release|x86
		{192BF09C-6F56-4BA8-9199-367C69B5F681}.Ad-Hoc|iPhone.Deploy.0 = Release|x86
		{192BF09C-6F56-4BA8-9199-367C69B5F681}.Ad-Hoc|iPhoneSimulator.ActiveCfg = Release|x86
		{192BF09C-6F56-4BA8-9199-367C69B5F681}.Ad-Hoc|iPhoneSimulator.Build.0 = Release|x86
		{192BF09C-6F56-4BA8-9199-367C69B5F681}.Ad-Hoc|iPhoneSimulator.Deploy.0 = Release|x86
		{192BF09C-6F56-4BA8-9199-367C69B5F681}.Ad-Hoc|x64.ActiveCfg = Release|x64
		{192BF09C-6F56-4BA8-9199-367C69B5F681}.Ad-Hoc|x64.Build.0 = Release|x64
		{192BF09C-6F56-4BA8-9199-367C69B5F681}.Ad-Hoc|x64.Deploy.0 = Release|x64
		{192BF09C-6F56-4BA8-9199-367C69B5F681}.Ad-Hoc|x86.ActiveCfg = Release|x86
		{192BF09C-6F56-4BA8-9199-367C69B5F681}.Ad-Hoc|x86.Build.0 = Release|x86
		{192BF09C-6F56-4BA8-9199-367C69B5F681}.Ad-Hoc|x86.Deploy.0 = Release|x86
		{192BF09C-6F56-4BA8-9199-367C69B5F681}.AppStore|Any CPU.ActiveCfg = Release|x86
		{192BF09C-6F56-4BA8-9199-367C69B5F681}.AppStore|Any CPU.Build.0 = Release|x86
		{192BF09C-6F56-4BA8-9199-367C69B5F681}.AppStore|Any CPU.Deploy.0 = Release|x86
		{192BF09C-6F56-4BA8-9199-367C69B5F681}.AppStore|ARM.ActiveCfg = Release|ARM
		{192BF09C-6F56-4BA8-9199-367C69B5F681}.AppStore|ARM.Build.0 = Release|ARM
		{192BF09C-6F56-4BA8-9199-367C69B5F681}.AppStore|ARM.Deploy.0 = Release|ARM
		{192BF09C-6F56-4BA8-9199-367C69B5F681}.AppStore|iPhone.ActiveCfg = Release|x86
		{192BF09C-6F56-4BA8-9199-367C69B5F681}.AppStore|iPhone.Build.0 = Release|x86
		{192BF09C-6F56-4BA8-9199-367C69B5F681}.AppStore|iPhone.Deploy.0 = Release|x86
		{192BF09C-6F56-4BA8-9199-367C69B5F681}.AppStore|iPhoneSimulator.ActiveCfg = Release|x86
		{192BF09C-6F56-4BA8-9199-367C69B5F681}.AppStore|iPhoneSimulator.Build.0 = Release|x86
		{192BF09C-6F56-4BA8-9199-367C69B5F681}.AppStore|iPhoneSimulator.Deploy.0 = Release|x86
		{192BF09C-6F56-4BA8-9199-367C69B5F681}.AppStore|x64.ActiveCfg = Release|x64
		{192BF09C-6F56-4BA8-9199-367C69B5F681}.AppStore|x64.Build.0 = Release|x64
		{192BF09C-6F56-4BA8-9199-367C69B5F681}.AppStore|x64.Deploy.0 = Release|x64
		{192BF09C-6F56-4BA8-9199-367C69B5F681}.AppStore|x86.ActiveCfg = Release|x86
		{192BF09C-6F56-4BA8-9199-367C69B5F681}.AppStore|x86.Build.0 = Release|x86
		{192BF09C-6F56-4BA8-9199-367C69B5F681}.AppStore|x86.Deploy.0 = Release|x86
		{192BF09C-6F56-4BA8-9199-367C69B5F681}.Debug|Any CPU.ActiveCfg = Debug|x86
		{192BF09C-6F56-4BA8-9199-367C69B5F681}.Debug|ARM.ActiveCfg = Debug|ARM
		{192BF09C-6F56-4BA8-9199-367C69B5F681}.Debug|ARM.Build.0 = Debug|ARM
		{192BF09C-6F56-4BA8-9199-367C69B5F681}.Debug|ARM.Deploy.0 = Debug|ARM
		{192BF09C-6F56-4BA8-9199-367C69B5F681}.Debug|iPhone.ActiveCfg = Debug|x86
		{192BF09C-6F56-4BA8-9199-367C69B5F681}.Debug|iPhoneSimulator.ActiveCfg = Debug|x86
		{192BF09C-6F56-4BA8-9199-367C69B5F681}.Debug|x64.ActiveCfg = Debug|x64
		{192BF09C-6F56-4BA8-9199-367C69B5F681}.Debug|x64.Build.0 = Debug|x64
		{192BF09C-6F56-4BA8-9199-367C69B5F681}.Debug|x64.Deploy.0 = Debug|x64
		{192BF09C-6F56-4BA8-9199-367C69B5F681}.Debug|x86.ActiveCfg = Debug|x86
		{192BF09C-6F56-4BA8-9199-367C69B5F681}.Debug|x86.Build.0 = Debug|x86
		{192BF09C-6F56-4BA8-9199-367C69B5F681}.Debug|x86.Deploy.0 = Debug|x86
		{192BF09C-6F56-4BA8-9199-367C69B5F681}.Release|Any CPU.ActiveCfg = Release|x86
		{192BF09C-6F56-4BA8-9199-367C69B5F681}.Release|ARM.ActiveCfg = Release|ARM
		{192BF09C-6F56-4BA8-9199-367C69B5F681}.Release|ARM.Build.0 = Release|ARM
		{192BF09C-6F56-4BA8-9199-367C69B5F681}.Release|ARM.Deploy.0 = Release|ARM
		{192BF09C-6F56-4BA8-9199-367C69B5F681}.Release|iPhone.ActiveCfg = Release|x86
		{192BF09C-6F56-4BA8-9199-367C69B5F681}.Release|iPhoneSimulator.ActiveCfg = Release|x86
		{192BF09C-6F56-4BA8-9199-367C69B5F681}.Release|x64.ActiveCfg = Release|x64
		{192BF09C-6F56-4BA8-9199-367C69B5F681}.Release|x64.Build.0 = Release|x64
		{192BF09C-6F56-4BA8-9199-367C69B5F681}.Release|x64.Deploy.0 = Release|x64
		{192BF09C-6F56-4BA8-9199-367C69B5F681}.Release|x86.ActiveCfg = Release|x86
		{192BF09C-6F56-4BA8-9199-367C69B5F681}.Release|x86.Build.0 = Release|x86
		{192BF09C-6F56-4BA8-9199-367C69B5F681}.Release|x86.Deploy.0 = Release|x86
		{86D11010-5B14-4660-83E1-18A24006C20E}.Ad-Hoc|Any CPU.ActiveCfg = Ad-Hoc|iPhone
		{86D11010-5B14-4660-83E1-18A24006C20E}.Ad-Hoc|ARM.ActiveCfg = Ad-Hoc|iPhone
		{86D11010-5B14-4660-83E1-18A24006C20E}.Ad-Hoc|iPhone.ActiveCfg = Ad-Hoc|iPhone
		{86D11010-5B14-4660-83E1-18A24006C20E}.Ad-Hoc|iPhone.Build.0 = Ad-Hoc|iPhone
		{86D11010-5B14-4660-83E1-18A24006C20E}.Ad-Hoc|iPhoneSimulator.ActiveCfg = Ad-Hoc|iPhoneSimulator
		{86D11010-5B14-4660-83E1-18A24006C20E}.Ad-Hoc|iPhoneSimulator.Build.0 = Ad-Hoc|iPhoneSimulator
		{86D11010-5B14-4660-83E1-18A24006C20E}.Ad-Hoc|x64.ActiveCfg = Ad-Hoc|iPhone
		{86D11010-5B14-4660-83E1-18A24006C20E}.Ad-Hoc|x86.ActiveCfg = Ad-Hoc|iPhone
		{86D11010-5B14-4660-83E1-18A24006C20E}.AppStore|Any CPU.ActiveCfg = AppStore|iPhone
		{86D11010-5B14-4660-83E1-18A24006C20E}.AppStore|ARM.ActiveCfg = AppStore|iPhone
		{86D11010-5B14-4660-83E1-18A24006C20E}.AppStore|iPhone.ActiveCfg = AppStore|iPhone
		{86D11010-5B14-4660-83E1-18A24006C20E}.AppStore|iPhone.Build.0 = AppStore|iPhone
		{86D11010-5B14-4660-83E1-18A24006C20E}.AppStore|iPhoneSimulator.ActiveCfg = AppStore|iPhoneSimulator
		{86D11010-5B14-4660-83E1-18A24006C20E}.AppStore|iPhoneSimulator.Build.0 = AppStore|iPhoneSimulator
		{86D11010-5B14-4660-83E1-18A24006C20E}.AppStore|x64.ActiveCfg = AppStore|iPhone
		{86D11010-5B14-4660-83E1-18A24006C20E}.AppStore|x86.ActiveCfg = AppStore|iPhone
		{86D11010-5B14-4660-83E1-18A24006C20E}.Debug|Any CPU.ActiveCfg = Debug|iPhone
		{86D11010-5B14-4660-83E1-18A24006C20E}.Debug|ARM.ActiveCfg = Debug|iPhone
		{86D11010-5B14-4660-83E1-18A24006C20E}.Debug|iPhone.ActiveCfg = Debug|iPhone
		{86D11010-5B14-4660-83E1-18A24006C20E}.Debug|iPhone.Build.0 = Debug|iPhone
		{86D11010-5B14-4660-83E1-18A24006C20E}.Debug|iPhoneSimulator.ActiveCfg = Debug|iPhoneSimulator
		{86D11010-5B14-4660-83E1-18A24006C20E}.Debug|iPhoneSimulator.Build.0 = Debug|iPhoneSimulator
		{86D11010-5B14-4660-83E1-18A24006C20E}.Debug|x64.ActiveCfg = Debug|iPhone
		{86D11010-5B14-4660-83E1-18A24006C20E}.Debug|x86.ActiveCfg = Debug|iPhone
		{86D11010-5B14-4660-83E1-18A24006C20E}.Release|Any CPU.ActiveCfg = Release|iPhone
		{86D11010-5B14-4660-83E1-18A24006C20E}.Release|ARM.ActiveCfg = Release|iPhone
		{86D11010-5B14-4660-83E1-18A24006C20E}.Release|iPhone.ActiveCfg = Release|iPhone
		{86D11010-5B14-4660-83E1-18A24006C20E}.Release|iPhone.Build.0 = Release|iPhone
		{86D11010-5B14-4660-83E1-18A24006C20E}.Release|iPhoneSimulator.ActiveCfg = Release|iPhoneSimulator
		{86D11010-5B14-4660-83E1-18A24006C20E}.Release|iPhoneSimulator.Build.0 = Release|iPhoneSimulator
		{86D11010-5B14-4660-83E1-18A24006C20E}.Release|x64.ActiveCfg = Release|iPhone
		{86D11010-5B14-4660-83E1-18A24006C20E}.Release|x86.ActiveCfg = Release|iPhone
	EndGlobalSection
	GlobalSection(SolutionProperties) = preSolution
		HideSolutionNode = FALSE
	EndGlobalSection
EndGlobal
